
Microsoft Visual Studio Solution File, Format Version 12.00
# Visual Studio Version 16
VisualStudioVersion = 16.0.30804.86
MinimumVisualStudioVersion = 10.0.40219.1
Project("{FAE04EC0-301F-11D3-BF4B-00C04F79EFBC}") = "BrokerAPI", "BrokerAPI\BrokerAPI.csproj", "{58A837EC-8538-42CB-B2D0-2F93CF3D8F16}"
EndProject
Project("{FAE04EC0-301F-11D3-BF4B-00C04F79EFBC}") = "BrokerAPITest", "BrokerAPITest\BrokerAPITest.csproj", "{120E4032-6A48-45E2-8441-878FFEAC8DFF}"
EndProject
Global
	GlobalSection(SolutionConfigurationPlatforms) = preSolution
		Debug|Any CPU = Debug|Any CPU
		Release|Any CPU = Release|Any CPU
	EndGlobalSection
	GlobalSection(ProjectConfigurationPlatforms) = postSolution
		{58A837EC-8538-42CB-B2D0-2F93CF3D8F16}.Debug|Any CPU.ActiveCfg = Debug|Any CPU
		{58A837EC-8538-42CB-B2D0-2F93CF3D8F16}.Debug|Any CPU.Build.0 = Debug|Any CPU
		{58A837EC-8538-42CB-B2D0-2F93CF3D8F16}.Release|Any CPU.ActiveCfg = Release|Any CPU
		{58A837EC-8538-42CB-B2D0-2F93CF3D8F16}.Release|Any CPU.Build.0 = Release|Any CPU
		{120E4032-6A48-45E2-8441-878FFEAC8DFF}.Debug|Any CPU.ActiveCfg = Debug|Any CPU
		{120E4032-6A48-45E2-8441-878FFEAC8DFF}.Debug|Any CPU.Build.0 = Debug|Any CPU
		{120E4032-6A48-45E2-8441-878FFEAC8DFF}.Release|Any CPU.ActiveCfg = Release|Any CPU
		{120E4032-6A48-45E2-8441-878FFEAC8DFF}.Release|Any CPU.Build.0 = Release|Any CPU
	EndGlobalSection
	GlobalSection(SolutionProperties) = preSolution
		HideSolutionNode = FALSE
	EndGlobalSection
	GlobalSection(ExtensibilityGlobals) = postSolution
		SolutionGuid = {D394ABDF-9409-4FF4-86E8-4A5C6E185C45}
	EndGlobalSection
EndGlobal
